
Microsoft Visual Studio Solution File, Format Version 12.00
# Visual Studio Version 17
VisualStudioVersion = 17.5.33627.172
MinimumVisualStudioVersion = 10.0.40219.1
Project("{FAE04EC0-301F-11D3-BF4B-00C04F79EFBC}") = "Naryad", "Naryad\Naryad.csproj", "{25092BAA-EB52-480C-BE7A-CF8D90E8334A}"
EndProject
Global
	GlobalSection(SolutionConfigurationPlatforms) = preSolution
		Debug|Any CPU = Debug|Any CPU
		Release|Any CPU = Release|Any CPU
	EndGlobalSection
	GlobalSection(ProjectConfigurationPlatforms) = postSolution
		{25092BAA-EB52-480C-BE7A-CF8D90E8334A}.Debug|Any CPU.ActiveCfg = Debug|Any CPU
		{25092BAA-EB52-480C-BE7A-CF8D90E8334A}.Debug|Any CPU.Build.0 = Debug|Any CPU
		{25092BAA-EB52-480C-BE7A-CF8D90E8334A}.Release|Any CPU.ActiveCfg = Release|Any CPU
		{25092BAA-EB52-480C-BE7A-CF8D90E8334A}.Release|Any CPU.Build.0 = Release|Any CPU
	EndGlobalSection
	GlobalSection(SolutionProperties) = preSolution
		HideSolutionNode = FALSE
	EndGlobalSection
	GlobalSection(ExtensibilityGlobals) = postSolution
		SolutionGuid = {03F8E126-E2AE-404D-8401-160174385615}
	EndGlobalSection
EndGlobal
